
Microsoft Visual Studio Solution File, Format Version 12.00
# Visual Studio Version 17
VisualStudioVersion = 17.5.33530.505
MinimumVisualStudioVersion = 10.0.40219.1
Project("{FAE04EC0-301F-11D3-BF4B-00C04F79EFBC}") = "PharmaProAPI", "PharmaProAPI\PharmaProAPI.csproj", "{93F69480-BFD6-4A4F-91A3-E568B5690B29}"
EndProject
Global
	GlobalSection(SolutionConfigurationPlatforms) = preSolution
		Debug|Any CPU = Debug|Any CPU
		Release|Any CPU = Release|Any CPU
	EndGlobalSection
	GlobalSection(ProjectConfigurationPlatforms) = postSolution
		{93F69480-BFD6-4A4F-91A3-E568B5690B29}.Debug|Any CPU.ActiveCfg = Debug|Any CPU
		{93F69480-BFD6-4A4F-91A3-E568B5690B29}.Debug|Any CPU.Build.0 = Debug|Any CPU
		{93F69480-BFD6-4A4F-91A3-E568B5690B29}.Release|Any CPU.ActiveCfg = Release|Any CPU
		{93F69480-BFD6-4A4F-91A3-E568B5690B29}.Release|Any CPU.Build.0 = Release|Any CPU
	EndGlobalSection
	GlobalSection(SolutionProperties) = preSolution
		HideSolutionNode = FALSE
	EndGlobalSection
	GlobalSection(ExtensibilityGlobals) = postSolution
		SolutionGuid = {8F480437-6F9D-47F3-8A61-030194D4D69E}
	EndGlobalSection
EndGlobal
